// !$*UTF8*$!
{
	archiveVersion = 1;
	classes = {
	};
	objectVersion = 46;
	objects = {

/* Begin PBXBuildFile section */
		F7965A731F595E170037DD1F /* WBTabBarController.swift in Sources */ = {isa = PBXBuildFile; fileRef = F7965A721F595E170037DD1F /* WBTabBarController.swift */; };
		F7965A751F595ECA0037DD1F /* WBNavigationController.swift in Sources */ = {isa = PBXBuildFile; fileRef = F7965A741F595ECA0037DD1F /* WBNavigationController.swift */; };
		F7965A771F595F030037DD1F /* WBBaseViewController.swift in Sources */ = {isa = PBXBuildFile; fileRef = F7965A761F595F030037DD1F /* WBBaseViewController.swift */; };
		F7965A791F595FBE0037DD1F /* WBHomeViewController.swift in Sources */ = {isa = PBXBuildFile; fileRef = F7965A781F595FBE0037DD1F /* WBHomeViewController.swift */; };
		F7965A7B1F59650A0037DD1F /* WBMessageViewController.swift in Sources */ = {isa = PBXBuildFile; fileRef = F7965A7A1F59650A0037DD1F /* WBMessageViewController.swift */; };
		F7965A7D1F59652D0037DD1F /* WBDiscoverViewController.swift in Sources */ = {isa = PBXBuildFile; fileRef = F7965A7C1F59652D0037DD1F /* WBDiscoverViewController.swift */; };
		F7965A7F1F5965460037DD1F /* WBProfileViewController.swift in Sources */ = {isa = PBXBuildFile; fileRef = F7965A7E1F5965460037DD1F /* WBProfileViewController.swift */; };
		F7BDA1B41F57F4E9008468A0 /* AppDelegate.swift in Sources */ = {isa = PBXBuildFile; fileRef = F7BDA1B31F57F4E9008468A0 /* AppDelegate.swift */; };
		F7BDA1BB1F57F4E9008468A0 /* Assets.xcassets in Resources */ = {isa = PBXBuildFile; fileRef = F7BDA1BA1F57F4E9008468A0 /* Assets.xcassets */; };
		F7BDA1C91F57F4EA008468A0 /* WeiboTests.swift in Sources */ = {isa = PBXBuildFile; fileRef = F7BDA1C81F57F4EA008468A0 /* WeiboTests.swift */; };
		F7BDA1D41F57F4EA008468A0 /* WeiboUITests.swift in Sources */ = {isa = PBXBuildFile; fileRef = F7BDA1D31F57F4EA008468A0 /* WeiboUITests.swift */; };
/* End PBXBuildFile section */

/* Begin PBXContainerItemProxy section */
		F7BDA1C51F57F4EA008468A0 /* PBXContainerItemProxy */ = {
			isa = PBXContainerItemProxy;
			containerPortal = F7BDA1A81F57F4E9008468A0 /* Project object */;
			proxyType = 1;
			remoteGlobalIDString = F7BDA1AF1F57F4E9008468A0;
			remoteInfo = Weibo;
		};
		F7BDA1D01F57F4EA008468A0 /* PBXContainerItemProxy */ = {
			isa = PBXContainerItemProxy;
			containerPortal = F7BDA1A81F57F4E9008468A0 /* Project object */;
			proxyType = 1;
			remoteGlobalIDString = F7BDA1AF1F57F4E9008468A0;
			remoteInfo = Weibo;
		};
/* End PBXContainerItemProxy section */

/* Begin PBXFileReference section */
		F7965A721F595E170037DD1F /* WBTabBarController.swift */ = {isa = PBXFileReference; fileEncoding = 4; lastKnownFileType = sourcecode.swift; path = WBTabBarController.swift; sourceTree = "<group>"; };
		F7965A741F595ECA0037DD1F /* WBNavigationController.swift */ = {isa = PBXFileReference; fileEncoding = 4; lastKnownFileType = sourcecode.swift; path = WBNavigationController.swift; sourceTree = "<group>"; };
		F7965A761F595F030037DD1F /* WBBaseViewController.swift */ = {isa = PBXFileReference; fileEncoding = 4; lastKnownFileType = sourcecode.swift; path = WBBaseViewController.swift; sourceTree = "<group>"; };
		F7965A781F595FBE0037DD1F /* WBHomeViewController.swift */ = {isa = PBXFileReference; fileEncoding = 4; lastKnownFileType = sourcecode.swift; path = WBHomeViewController.swift; sourceTree = "<group>"; };
		F7965A7A1F59650A0037DD1F /* WBMessageViewController.swift */ = {isa = PBXFileReference; fileEncoding = 4; lastKnownFileType = sourcecode.swift; path = WBMessageViewController.swift; sourceTree = "<group>"; };
		F7965A7C1F59652D0037DD1F /* WBDiscoverViewController.swift */ = {isa = PBXFileReference; fileEncoding = 4; lastKnownFileType = sourcecode.swift; path = WBDiscoverViewController.swift; sourceTree = "<group>"; };
		F7965A7E1F5965460037DD1F /* WBProfileViewController.swift */ = {isa = PBXFileReference; fileEncoding = 4; lastKnownFileType = sourcecode.swift; path = WBProfileViewController.swift; sourceTree = "<group>"; };
		F7BDA1B01F57F4E9008468A0 /* Weibo.app */ = {isa = PBXFileReference; explicitFileType = wrapper.application; includeInIndex = 0; path = Weibo.app; sourceTree = BUILT_PRODUCTS_DIR; };
		F7BDA1B31F57F4E9008468A0 /* AppDelegate.swift */ = {isa = PBXFileReference; lastKnownFileType = sourcecode.swift; path = AppDelegate.swift; sourceTree = "<group>"; };
		F7BDA1BA1F57F4E9008468A0 /* Assets.xcassets */ = {isa = PBXFileReference; lastKnownFileType = folder.assetcatalog; path = Assets.xcassets; sourceTree = "<group>"; };
		F7BDA1BF1F57F4E9008468A0 /* Info.plist */ = {isa = PBXFileReference; lastKnownFileType = text.plist.xml; path = Info.plist; sourceTree = "<group>"; };
		F7BDA1C41F57F4EA008468A0 /* WeiboTests.xctest */ = {isa = PBXFileReference; explicitFileType = wrapper.cfbundle; includeInIndex = 0; path = WeiboTests.xctest; sourceTree = BUILT_PRODUCTS_DIR; };
		F7BDA1C81F57F4EA008468A0 /* WeiboTests.swift */ = {isa = PBXFileReference; lastKnownFileType = sourcecode.swift; path = WeiboTests.swift; sourceTree = "<group>"; };
		F7BDA1CA1F57F4EA008468A0 /* Info.plist */ = {isa = PBXFileReference; lastKnownFileType = text.plist.xml; path = Info.plist; sourceTree = "<group>"; };
		F7BDA1CF1F57F4EA008468A0 /* WeiboUITests.xctest */ = {isa = PBXFileReference; explicitFileType = wrapper.cfbundle; includeInIndex = 0; path = WeiboUITests.xctest; sourceTree = BUILT_PRODUCTS_DIR; };
		F7BDA1D31F57F4EA008468A0 /* WeiboUITests.swift */ = {isa = PBXFileReference; lastKnownFileType = sourcecode.swift; path = WeiboUITests.swift; sourceTree = "<group>"; };
		F7BDA1D51F57F4EA008468A0 /* Info.plist */ = {isa = PBXFileReference; lastKnownFileType = text.plist.xml; path = Info.plist; sourceTree = "<group>"; };
		F7C06E551F5D3F3A0007DFCF /* OCBridgingHeader.h */ = {isa = PBXFileReference; lastKnownFileType = sourcecode.c.h; path = OCBridgingHeader.h; sourceTree = "<group>"; };
/* End PBXFileReference section */

/* Begin PBXFrameworksBuildPhase section */
		F7BDA1AD1F57F4E9008468A0 /* Frameworks */ = {
			isa = PBXFrameworksBuildPhase;
			buildActionMask = 2147483647;
			files = (
			);
			runOnlyForDeploymentPostprocessing = 0;
		};
		F7BDA1C11F57F4EA008468A0 /* Frameworks */ = {
			isa = PBXFrameworksBuildPhase;
			buildActionMask = 2147483647;
			files = (
			);
			runOnlyForDeploymentPostprocessing = 0;
		};
		F7BDA1CC1F57F4EA008468A0 /* Frameworks */ = {
			isa = PBXFrameworksBuildPhase;
			buildActionMask = 2147483647;
			files = (
			);
			runOnlyForDeploymentPostprocessing = 0;
		};
/* End PBXFrameworksBuildPhase section */

/* Begin PBXGroup section */
		F7965A661F5952FE0037DD1F /* Resource */ = {
			isa = PBXGroup;
			children = (
				F7965A671F5952FE0037DD1F /* Image */,
			);
			path = Resource;
			sourceTree = "<group>";
		};
		F7965A671F5952FE0037DD1F /* Image */ = {
			isa = PBXGroup;
			children = (
			);
			path = Image;
			sourceTree = "<group>";
		};
		F7965A681F595D4A0037DD1F /* Class */ = {
			isa = PBXGroup;
			children = (
				F7965A6A1F595D4A0037DD1F /* Tool */,
				F7965A691F595D4A0037DD1F /* Model(模型) */,
				F7965A6B1F595D4A0037DD1F /* View(视图和控制器) */,
				F7965A711F595D4A0037DD1F /* ViewModel(视图模型) */,
			);
			path = Class;
			sourceTree = "<group>";
		};
		F7965A691F595D4A0037DD1F /* Model(模型) */ = {
			isa = PBXGroup;
			children = (
			);
			path = "Model(模型)";
			sourceTree = "<group>";
		};
		F7965A6A1F595D4A0037DD1F /* Tool */ = {
			isa = PBXGroup;
			children = (
			);
			path = Tool;
			sourceTree = "<group>";
		};
		F7965A6B1F595D4A0037DD1F /* View(视图和控制器) */ = {
			isa = PBXGroup;
			children = (
				F7965A6E1F595D4A0037DD1F /* Main */,
				F7965A6D1F595D4A0037DD1F /* Home */,
				F7965A6F1F595D4A0037DD1F /* Message */,
				F7965A6C1F595D4A0037DD1F /* Discover */,
				F7965A701F595D4A0037DD1F /* Profile */,
			);
			path = "View(视图和控制器)";
			sourceTree = "<group>";
		};
		F7965A6C1F595D4A0037DD1F /* Discover */ = {
			isa = PBXGroup;
			children = (
				F7965A7C1F59652D0037DD1F /* WBDiscoverViewController.swift */,
			);
			path = Discover;
			sourceTree = "<group>";
		};
		F7965A6D1F595D4A0037DD1F /* Home */ = {
			isa = PBXGroup;
			children = (
				F7965A781F595FBE0037DD1F /* WBHomeViewController.swift */,
			);
			path = Home;
			sourceTree = "<group>";
		};
		F7965A6E1F595D4A0037DD1F /* Main */ = {
			isa = PBXGroup;
			children = (
				F7965A721F595E170037DD1F /* WBTabBarController.swift */,
				F7965A741F595ECA0037DD1F /* WBNavigationController.swift */,
				F7965A761F595F030037DD1F /* WBBaseViewController.swift */,
			);
			path = Main;
			sourceTree = "<group>";
		};
		F7965A6F1F595D4A0037DD1F /* Message */ = {
			isa = PBXGroup;
			children = (
				F7965A7A1F59650A0037DD1F /* WBMessageViewController.swift */,
			);
			path = Message;
			sourceTree = "<group>";
		};
		F7965A701F595D4A0037DD1F /* Profile */ = {
			isa = PBXGroup;
			children = (
				F7965A7E1F5965460037DD1F /* WBProfileViewController.swift */,
			);
			path = Profile;
			sourceTree = "<group>";
		};
		F7965A711F595D4A0037DD1F /* ViewModel(视图模型) */ = {
			isa = PBXGroup;
			children = (
			);
			path = "ViewModel(视图模型)";
			sourceTree = "<group>";
		};
		F7BDA1A71F57F4E9008468A0 = {
			isa = PBXGroup;
			children = (
				F7BDA1B21F57F4E9008468A0 /* Weibo */,
				F7BDA1C71F57F4EA008468A0 /* WeiboTests */,
				F7BDA1D21F57F4EA008468A0 /* WeiboUITests */,
				F7BDA1B11F57F4E9008468A0 /* Products */,
			);
			sourceTree = "<group>";
		};
		F7BDA1B11F57F4E9008468A0 /* Products */ = {
			isa = PBXGroup;
			children = (
				F7BDA1B01F57F4E9008468A0 /* Weibo.app */,
				F7BDA1C41F57F4EA008468A0 /* WeiboTests.xctest */,
				F7BDA1CF1F57F4EA008468A0 /* WeiboUITests.xctest */,
			);
			name = Products;
			sourceTree = "<group>";
		};
		F7BDA1B21F57F4E9008468A0 /* Weibo */ = {
			isa = PBXGroup;
			children = (
				F7965A681F595D4A0037DD1F /* Class */,
				F7965A661F5952FE0037DD1F /* Resource */,
				F7BDA1B31F57F4E9008468A0 /* AppDelegate.swift */,
				F7C06E551F5D3F3A0007DFCF /* OCBridgingHeader.h */,
				F7BDA1BA1F57F4E9008468A0 /* Assets.xcassets */,
				F7BDA1BF1F57F4E9008468A0 /* Info.plist */,
			);
			path = Weibo;
			sourceTree = "<group>";
		};
		F7BDA1C71F57F4EA008468A0 /* WeiboTests */ = {
			isa = PBXGroup;
			children = (
				F7BDA1C81F57F4EA008468A0 /* WeiboTests.swift */,
				F7BDA1CA1F57F4EA008468A0 /* Info.plist */,
			);
			path = WeiboTests;
			sourceTree = "<group>";
		};
		F7BDA1D21F57F4EA008468A0 /* WeiboUITests */ = {
			isa = PBXGroup;
			children = (
				F7BDA1D31F57F4EA008468A0 /* WeiboUITests.swift */,
				F7BDA1D51F57F4EA008468A0 /* Info.plist */,
			);
			path = WeiboUITests;
			sourceTree = "<group>";
		};
/* End PBXGroup section */

/* Begin PBXNativeTarget section */
		F7BDA1AF1F57F4E9008468A0 /* Weibo */ = {
			isa = PBXNativeTarget;
			buildConfigurationList = F7BDA1D81F57F4EA008468A0 /* Build configuration list for PBXNativeTarget "Weibo" */;
			buildPhases = (
				F7BDA1AC1F57F4E9008468A0 /* Sources */,
				F7BDA1AD1F57F4E9008468A0 /* Frameworks */,
				F7BDA1AE1F57F4E9008468A0 /* Resources */,
			);
			buildRules = (
			);
			dependencies = (
			);
			name = Weibo;
			productName = Weibo;
			productReference = F7BDA1B01F57F4E9008468A0 /* Weibo.app */;
			productType = "com.apple.product-type.application";
		};
		F7BDA1C31F57F4EA008468A0 /* WeiboTests */ = {
			isa = PBXNativeTarget;
			buildConfigurationList = F7BDA1DB1F57F4EA008468A0 /* Build configuration list for PBXNativeTarget "WeiboTests" */;
			buildPhases = (
				F7BDA1C01F57F4EA008468A0 /* Sources */,
				F7BDA1C11F57F4EA008468A0 /* Frameworks */,
				F7BDA1C21F57F4EA008468A0 /* Resources */,
			);
			buildRules = (
			);
			dependencies = (
				F7BDA1C61F57F4EA008468A0 /* PBXTargetDependency */,
			);
			name = WeiboTests;
			productName = WeiboTests;
			productReference = F7BDA1C41F57F4EA008468A0 /* WeiboTests.xctest */;
			productType = "com.apple.product-type.bundle.unit-test";
		};
		F7BDA1CE1F57F4EA008468A0 /* WeiboUITests */ = {
			isa = PBXNativeTarget;
			buildConfigurationList = F7BDA1DE1F57F4EA008468A0 /* Build configuration list for PBXNativeTarget "WeiboUITests" */;
			buildPhases = (
				F7BDA1CB1F57F4EA008468A0 /* Sources */,
				F7BDA1CC1F57F4EA008468A0 /* Frameworks */,
				F7BDA1CD1F57F4EA008468A0 /* Resources */,
			);
			buildRules = (
			);
			dependencies = (
				F7BDA1D11F57F4EA008468A0 /* PBXTargetDependency */,
			);
			name = WeiboUITests;
			productName = WeiboUITests;
			productReference = F7BDA1CF1F57F4EA008468A0 /* WeiboUITests.xctest */;
			productType = "com.apple.product-type.bundle.ui-testing";
		};
/* End PBXNativeTarget section */

/* Begin PBXProject section */
		F7BDA1A81F57F4E9008468A0 /* Project object */ = {
			isa = PBXProject;
			attributes = {
				CLASSPREFIX = WB;
				LastSwiftUpdateCheck = 0830;
				LastUpgradeCheck = 0830;
				ORGANIZATIONNAME = DAQSoft;
				TargetAttributes = {
					F7BDA1AF1F57F4E9008468A0 = {
						CreatedOnToolsVersion = 8.3.3;
						DevelopmentTeam = YC78659G27;
						ProvisioningStyle = Automatic;
					};
					F7BDA1C31F57F4EA008468A0 = {
						CreatedOnToolsVersion = 8.3.3;
						DevelopmentTeam = YC78659G27;
						ProvisioningStyle = Automatic;
						TestTargetID = F7BDA1AF1F57F4E9008468A0;
					};
					F7BDA1CE1F57F4EA008468A0 = {
						CreatedOnToolsVersion = 8.3.3;
						DevelopmentTeam = YC78659G27;
						ProvisioningStyle = Automatic;
						TestTargetID = F7BDA1AF1F57F4E9008468A0;
					};
				};
			};
			buildConfigurationList = F7BDA1AB1F57F4E9008468A0 /* Build configuration list for PBXProject "Weibo" */;
			compatibilityVersion = "Xcode 3.2";
			developmentRegion = English;
			hasScannedForEncodings = 0;
			knownRegions = (
				en,
				Base,
			);
			mainGroup = F7BDA1A71F57F4E9008468A0;
			productRefGroup = F7BDA1B11F57F4E9008468A0 /* Products */;
			projectDirPath = "";
			projectRoot = "";
			targets = (
				F7BDA1AF1F57F4E9008468A0 /* Weibo */,
				F7BDA1C31F57F4EA008468A0 /* WeiboTests */,
				F7BDA1CE1F57F4EA008468A0 /* WeiboUITests */,
			);
		};
/* End PBXProject section */

/* Begin PBXResourcesBuildPhase section */
		F7BDA1AE1F57F4E9008468A0 /* Resources */ = {
			isa = PBXResourcesBuildPhase;
			buildActionMask = 2147483647;
			files = (
				F7BDA1BB1F57F4E9008468A0 /* Assets.xcassets in Resources */,
			);
			runOnlyForDeploymentPostprocessing = 0;
		};
		F7BDA1C21F57F4EA008468A0 /* Resources */ = {
			isa = PBXResourcesBuildPhase;
			buildActionMask = 2147483647;
			files = (
			);
			runOnlyForDeploymentPostprocessing = 0;
		};
		F7BDA1CD1F57F4EA008468A0 /* Resources */ = {
			isa = PBXResourcesBuildPhase;
			buildActionMask = 2147483647;
			files = (
			);
			runOnlyForDeploymentPostprocessing = 0;
		};
/* End PBXResourcesBuildPhase section */

/* Begin PBXSourcesBuildPhase section */
		F7BDA1AC1F57F4E9008468A0 /* Sources */ = {
			isa = PBXSourcesBuildPhase;
			buildActionMask = 2147483647;
			files = (
				F7965A771F595F030037DD1F /* WBBaseViewController.swift in Sources */,
				F7965A7F1F5965460037DD1F /* WBProfileViewController.swift in Sources */,
				F7965A7D1F59652D0037DD1F /* WBDiscoverViewController.swift in Sources */,
				F7965A731F595E170037DD1F /* WBTabBarController.swift in Sources */,
				F7965A791F595FBE0037DD1F /* WBHomeViewController.swift in Sources */,
				F7BDA1B41F57F4E9008468A0 /* AppDelegate.swift in Sources */,
				F7965A751F595ECA0037DD1F /* WBNavigationController.swift in Sources */,
				F7965A7B1F59650A0037DD1F /* WBMessageViewController.swift in Sources */,
			);
			runOnlyForDeploymentPostprocessing = 0;
		};
		F7BDA1C01F57F4EA008468A0 /* Sources */ = {
			isa = PBXSourcesBuildPhase;
			buildActionMask = 2147483647;
			files = (
				F7BDA1C91F57F4EA008468A0 /* WeiboTests.swift in Sources */,
			);
			runOnlyForDeploymentPostprocessing = 0;
		};
		F7BDA1CB1F57F4EA008468A0 /* Sources */ = {
			isa = PBXSourcesBuildPhase;
			buildActionMask = 2147483647;
			files = (
				F7BDA1D41F57F4EA008468A0 /* WeiboUITests.swift in Sources */,
			);
			runOnlyForDeploymentPostprocessing = 0;
		};
/* End PBXSourcesBuildPhase section */

/* Begin PBXTargetDependency section */
		F7BDA1C61F57F4EA008468A0 /* PBXTargetDependency */ = {
			isa = PBXTargetDependency;
			target = F7BDA1AF1F57F4E9008468A0 /* Weibo */;
			targetProxy = F7BDA1C51F57F4EA008468A0 /* PBXContainerItemProxy */;
		};
		F7BDA1D11F57F4EA008468A0 /* PBXTargetDependency */ = {
			isa = PBXTargetDependency;
			target = F7BDA1AF1F57F4E9008468A0 /* Weibo */;
			targetProxy = F7BDA1D01F57F4EA008468A0 /* PBXContainerItemProxy */;
		};
/* End PBXTargetDependency section */

/* Begin XCBuildConfiguration section */
		F7BDA1D61F57F4EA008468A0 /* Debug */ = {
			isa = XCBuildConfiguration;
			buildSettings = {
				ALWAYS_SEARCH_USER_PATHS = NO;
				CLANG_ANALYZER_NONNULL = YES;
				CLANG_ANALYZER_NUMBER_OBJECT_CONVERSION = YES_AGGRESSIVE;
				CLANG_CXX_LANGUAGE_STANDARD = "gnu++0x";
				CLANG_CXX_LIBRARY = "libc++";
				CLANG_ENABLE_MODULES = YES;
				CLANG_ENABLE_OBJC_ARC = YES;
				CLANG_WARN_BOOL_CONVERSION = YES;
				CLANG_WARN_CONSTANT_CONVERSION = YES;
				CLANG_WARN_DIRECT_OBJC_ISA_USAGE = YES_ERROR;
				CLANG_WARN_DOCUMENTATION_COMMENTS = YES;
				CLANG_WARN_EMPTY_BODY = YES;
				CLANG_WARN_ENUM_CONVERSION = YES;
				CLANG_WARN_INFINITE_RECURSION = YES;
				CLANG_WARN_INT_CONVERSION = YES;
				CLANG_WARN_OBJC_ROOT_CLASS = YES_ERROR;
				CLANG_WARN_SUSPICIOUS_MOVE = YES;
				CLANG_WARN_UNREACHABLE_CODE = YES;
				CLANG_WARN__DUPLICATE_METHOD_MATCH = YES;
				"CODE_SIGN_IDENTITY[sdk=iphoneos*]" = "iPhone Developer";
				COPY_PHASE_STRIP = NO;
				DEBUG_INFORMATION_FORMAT = dwarf;
				ENABLE_STRICT_OBJC_MSGSEND = YES;
				ENABLE_TESTABILITY = YES;
				GCC_C_LANGUAGE_STANDARD = gnu99;
				GCC_DYNAMIC_NO_PIC = NO;
				GCC_NO_COMMON_BLOCKS = YES;
				GCC_OPTIMIZATION_LEVEL = 0;
				GCC_PREPROCESSOR_DEFINITIONS = (
					"DEBUG=1",
					"$(inherited)",
				);
				GCC_WARN_64_TO_32_BIT_CONVERSION = YES;
				GCC_WARN_ABOUT_RETURN_TYPE = YES_ERROR;
				GCC_WARN_UNDECLARED_SELECTOR = YES;
				GCC_WARN_UNINITIALIZED_AUTOS = YES_AGGRESSIVE;
				GCC_WARN_UNUSED_FUNCTION = YES;
				GCC_WARN_UNUSED_VARIABLE = YES;
				IPHONEOS_DEPLOYMENT_TARGET = 10.3;
				MTL_ENABLE_DEBUG_INFO = YES;
				ONLY_ACTIVE_ARCH = YES;
				SDKROOT = iphoneos;
				SWIFT_ACTIVE_COMPILATION_CONDITIONS = DEBUG;
				SWIFT_OPTIMIZATION_LEVEL = "-Onone";
			};
			name = Debug;
		};
		F7BDA1D71F57F4EA008468A0 /* Release */ = {
			isa = XCBuildConfiguration;
			buildSettings = {
				ALWAYS_SEARCH_USER_PATHS = NO;
				CLANG_ANALYZER_NONNULL = YES;
				CLANG_ANALYZER_NUMBER_OBJECT_CONVERSION = YES_AGGRESSIVE;
				CLANG_CXX_LANGUAGE_STANDARD = "gnu++0x";
				CLANG_CXX_LIBRARY = "libc++";
				CLANG_ENABLE_MODULES = YES;
				CLANG_ENABLE_OBJC_ARC = YES;
				CLANG_WARN_BOOL_CONVERSION = YES;
				CLANG_WARN_CONSTANT_CONVERSION = YES;
				CLANG_WARN_DIRECT_OBJC_ISA_USAGE = YES_ERROR;
				CLANG_WARN_DOCUMENTATION_COMMENTS = YES;
				CLANG_WARN_EMPTY_BODY = YES;
				CLANG_WARN_ENUM_CONVERSION = YES;
				CLANG_WARN_INFINITE_RECURSION = YES;
				CLANG_WARN_INT_CONVERSION = YES;
				CLANG_WARN_OBJC_ROOT_CLASS = YES_ERROR;
				CLANG_WARN_SUSPICIOUS_MOVE = YES;
				CLANG_WARN_UNREACHABLE_CODE = YES;
				CLANG_WARN__DUPLICATE_METHOD_MATCH = YES;
				"CODE_SIGN_IDENTITY[sdk=iphoneos*]" = "iPhone Developer";
				COPY_PHASE_STRIP = NO;
				DEBUG_INFORMATION_FORMAT = "dwarf-with-dsym";
				ENABLE_NS_ASSERTIONS = NO;
				ENABLE_STRICT_OBJC_MSGSEND = YES;
				GCC_C_LANGUAGE_STANDARD = gnu99;
				GCC_NO_COMMON_BLOCKS = YES;
				GCC_WARN_64_TO_32_BIT_CONVERSION = YES;
				GCC_WARN_ABOUT_RETURN_TYPE = YES_ERROR;
				GCC_WARN_UNDECLARED_SELECTOR = YES;
				GCC_WARN_UNINITIALIZED_AUTOS = YES_AGGRESSIVE;
				GCC_WARN_UNUSED_FUNCTION = YES;
				GCC_WARN_UNUSED_VARIABLE = YES;
				IPHONEOS_DEPLOYMENT_TARGET = 10.3;
				MTL_ENABLE_DEBUG_INFO = NO;
				SDKROOT = iphoneos;
				SWIFT_OPTIMIZATION_LEVEL = "-Owholemodule";
				VALIDATE_PRODUCT = YES;
			};
			name = Release;
		};
		F7BDA1D91F57F4EA008468A0 /* Debug */ = {
			isa = XCBuildConfiguration;
			buildSettings = {
				ASSETCATALOG_COMPILER_APPICON_NAME = AppIcon;
				ASSETCATALOG_COMPILER_LAUNCHIMAGE_NAME = LaunchImage;
				DEVELOPMENT_TEAM = YC78659G27;
				INFOPLIST_FILE = Weibo/Info.plist;
				IPHONEOS_DEPLOYMENT_TARGET = 8.0;
				LD_RUNPATH_SEARCH_PATHS = "$(inherited) @executable_path/Frameworks";
				PRODUCT_BUNDLE_IDENTIFIER = com.daqsoft.ios.add.Weibo;
				PRODUCT_NAME = "$(TARGET_NAME)";
				SWIFT_OBJC_BRIDGING_HEADER = Weibo/OCBridgingHeader.h;
				SWIFT_VERSION = 3.0;
			};
			name = Debug;
		};
		F7BDA1DA1F57F4EA008468A0 /* Release */ = {
			isa = XCBuildConfiguration;
			buildSettings = {
				ASSETCATALOG_COMPILER_APPICON_NAME = AppIcon;
				ASSETCATALOG_COMPILER_LAUNCHIMAGE_NAME = LaunchImage;
				DEVELOPMENT_TEAM = YC78659G27;
				INFOPLIST_FILE = Weibo/Info.plist;
				IPHONEOS_DEPLOYMENT_TARGET = 8.0;
				LD_RUNPATH_SEARCH_PATHS = "$(inherited) @executable_path/Frameworks";
				PRODUCT_BUNDLE_IDENTIFIER = com.daqsoft.ios.add.Weibo;
				PRODUCT_NAME = "$(TARGET_NAME)";
				SWIFT_OBJC_BRIDGING_HEADER = Weibo/OCBridgingHeader.h;
				SWIFT_VERSION = 3.0;
			};
			name = Release;
		};
		F7BDA1DC1F57F4EA008468A0 /* Debug */ = {
			isa = XCBuildConfiguration;
			buildSettings = {
				ALWAYS_EMBED_SWIFT_STANDARD_LIBRARIES = YES;
				BUNDLE_LOADER = "$(TEST_HOST)";
				DEVELOPMENT_TEAM = YC78659G27;
				INFOPLIST_FILE = WeiboTests/Info.plist;
				LD_RUNPATH_SEARCH_PATHS = "$(inherited) @executable_path/Frameworks @loader_path/Frameworks";
				PRODUCT_BUNDLE_IDENTIFIER = com.daqsoft.ios.add.WeiboTests;
				PRODUCT_NAME = "$(TARGET_NAME)";
				SWIFT_VERSION = 3.0;
				TEST_HOST = "$(BUILT_PRODUCTS_DIR)/Weibo.app/Weibo";
			};
			name = Debug;
		};
		F7BDA1DD1F57F4EA008468A0 /* Release */ = {
			isa = XCBuildConfiguration;
			buildSettings = {
				ALWAYS_EMBED_SWIFT_STANDARD_LIBRARIES = YES;
				BUNDLE_LOADER = "$(TEST_HOST)";
				DEVELOPMENT_TEAM = YC78659G27;
				INFOPLIST_FILE = WeiboTests/Info.plist;
				LD_RUNPATH_SEARCH_PATHS = "$(inherited) @executable_path/Frameworks @loader_path/Frameworks";
				PRODUCT_BUNDLE_IDENTIFIER = com.daqsoft.ios.add.WeiboTests;
				PRODUCT_NAME = "$(TARGET_NAME)";
				SWIFT_VERSION = 3.0;
				TEST_HOST = "$(BUILT_PRODUCTS_DIR)/Weibo.app/Weibo";
			};
			name = Release;
		};
		F7BDA1DF1F57F4EA008468A0 /* Debug */ = {
			isa = XCBuildConfiguration;
			buildSettings = {
				ALWAYS_EMBED_SWIFT_STANDARD_LIBRARIES = YES;
				DEVELOPMENT_TEAM = YC78659G27;
				INFOPLIST_FILE = WeiboUITests/Info.plist;
				LD_RUNPATH_SEARCH_PATHS = "$(inherited) @executable_path/Frameworks @loader_path/Frameworks";
				PRODUCT_BUNDLE_IDENTIFIER = com.daqsoft.ios.add.WeiboUITests;
				PRODUCT_NAME = "$(TARGET_NAME)";
				SWIFT_VERSION = 3.0;
				TEST_TARGET_NAME = Weibo;
			};
			name = Debug;
		};
		F7BDA1E01F57F4EA008468A0 /* Release */ = {
			isa = XCBuildConfiguration;
			buildSettings = {
				ALWAYS_EMBED_SWIFT_STANDARD_LIBRARIES = YES;
				DEVELOPMENT_TEAM = YC78659G27;
				INFOPLIST_FILE = WeiboUITests/Info.plist;
				LD_RUNPATH_SEARCH_PATHS = "$(inherited) @executable_path/Frameworks @loader_path/Frameworks";
				PRODUCT_BUNDLE_IDENTIFIER = com.daqsoft.ios.add.WeiboUITests;
				PRODUCT_NAME = "$(TARGET_NAME)";
				SWIFT_VERSION = 3.0;
				TEST_TARGET_NAME = Weibo;
			};
			name = Release;
		};
/* End XCBuildConfiguration section */

/* Begin XCConfigurationList section */
		F7BDA1AB1F57F4E9008468A0 /* Build configuration list for PBXProject "Weibo" */ = {
			isa = XCConfigurationList;
			buildConfigurations = (
				F7BDA1D61F57F4EA008468A0 /* Debug */,
				F7BDA1D71F57F4EA008468A0 /* Release */,
			);
			defaultConfigurationIsVisible = 0;
			defaultConfigurationName = Release;
		};
		F7BDA1D81F57F4EA008468A0 /* Build configuration list for PBXNativeTarget "Weibo" */ = {
			isa = XCConfigurationList;
			buildConfigurations = (
				F7BDA1D91F57F4EA008468A0 /* Debug */,
				F7BDA1DA1F57F4EA008468A0 /* Release */,
			);
			defaultConfigurationIsVisible = 0;
			defaultConfigurationName = Release;
		};
		F7BDA1DB1F57F4EA008468A0 /* Build configuration list for PBXNativeTarget "WeiboTests" */ = {
			isa = XCConfigurationList;
			buildConfigurations = (
				F7BDA1DC1F57F4EA008468A0 /* Debug */,
				F7BDA1DD1F57F4EA008468A0 /* Release */,
			);
			defaultConfigurationIsVisible = 0;
			defaultConfigurationName = Release;
		};
		F7BDA1DE1F57F4EA008468A0 /* Build configuration list for PBXNativeTarget "WeiboUITests" */ = {
			isa = XCConfigurationList;
			buildConfigurations = (
				F7BDA1DF1F57F4EA008468A0 /* Debug */,
				F7BDA1E01F57F4EA008468A0 /* Release */,
			);
			defaultConfigurationIsVisible = 0;
			defaultConfigurationName = Release;
		};
/* End XCConfigurationList section */
	};
	rootObject = F7BDA1A81F57F4E9008468A0 /* Project object */;
}
